version: 1
algorithm: blake3
groups:
  api-docs:
    source:
      src/lib.rs: 201e7405dcfa9056e3829422b48e3f4d6e718aa49dd13396cf62dbb65e4d9d89
    dependents:
      README.md: 35a5b2800b7c74afd8ca4e2d9261003bf962cbb88df15f30ae46601649f36949
      www/index.html: 9867fec274bc09803abbdd88c4b8fa13937863638feadea739edcd0022ad914c
  dev-docs:
    source:
      Justfile: 60c33ca32527f6077af91cf9c6cd3605bf47cec2886cbe47b88f22404066ba41
      flake.nix: a7796d1b64ab0e985d84ed7b32a28f69256a7988ebc6ce2d46924a81cc18ccc6
    dependents:
      AGENTS.md: 4c68433de009f82b5a8970f516fc8f79175e0b2a6c39d18f59df92b12e535f07
      CONTRIBUTING.md: 469e8265a786182d7c4c3ce40ff2ddeb259fa9e0771650d90fabc741bca5412a
  release-notes:
    source:
      Cargo.toml: 64efd906332a99e1627cce8b0ddf0bb44cb0d05343f6057831f2751502a899f8
    dependents:
      CHANGELOG.md: 9b2c23c1990c86d4a2c92de7301a343a3b2683c8c211af51ac0fa992f4656aaf
