version: 1
algorithm: blake3
groups:
  api-docs:
    source:
      src/lib.rs: c35c58d5a1f4a261a9066c0be06044f2632d85a04c14b8396f4de2430b404516
    dependents:
      README.md: 20701aa1868440809ae9295273b717b9c2de55586eb5882092c162daa27bf467
      www/index.html: 9867fec274bc09803abbdd88c4b8fa13937863638feadea739edcd0022ad914c
  dev-docs:
    source:
      Justfile: 60c33ca32527f6077af91cf9c6cd3605bf47cec2886cbe47b88f22404066ba41
      flake.nix: a7796d1b64ab0e985d84ed7b32a28f69256a7988ebc6ce2d46924a81cc18ccc6
    dependents:
      AGENTS.md: 4c68433de009f82b5a8970f516fc8f79175e0b2a6c39d18f59df92b12e535f07
      CONTRIBUTING.md: 469e8265a786182d7c4c3ce40ff2ddeb259fa9e0771650d90fabc741bca5412a
  release-notes:
    source:
      Cargo.toml: 7e22c556a0c803776aab65487772312493761d3832c337d1dc149aa9266c9d87
    dependents:
      CHANGELOG.md: 2da937d315e484824991a74c3dc24bcb7d8405f36bcdedf7e4c623fe5b18c58b
