version: 1
algorithm: blake3
groups:
  api-docs:
    source:
      src/lib.rs: 0fb1f9320d1b6914dd6536ae98db61db78ea1f0195f6f4554807bf58e574b0f6
    dependents:
      README.md: 7d046e97e1d36078b7018ee0361fe85cd4c451245ccc75d9935f6f21e59a8c95
      www/index.html: 9867fec274bc09803abbdd88c4b8fa13937863638feadea739edcd0022ad914c
  dev-docs:
    source:
      Justfile: 60c33ca32527f6077af91cf9c6cd3605bf47cec2886cbe47b88f22404066ba41
      flake.nix: a7796d1b64ab0e985d84ed7b32a28f69256a7988ebc6ce2d46924a81cc18ccc6
    dependents:
      AGENTS.md: 4c68433de009f82b5a8970f516fc8f79175e0b2a6c39d18f59df92b12e535f07
      CONTRIBUTING.md: 469e8265a786182d7c4c3ce40ff2ddeb259fa9e0771650d90fabc741bca5412a
  release-notes:
    source:
      Cargo.toml: 8933f19174003455f0a6e7a533be1bba1ceb95bf50a8b2f6ffbc4fff4ddcd569
    dependents:
      CHANGELOG.md: 0dad284500f3330c79ca04942e76db3bd30b944c3c238f49904f031846abbf59
